
Microsoft Visual Studio Solution File, Format Version 12.00
# Visual Studio Version 17
VisualStudioVersion = 17.1.32210.238
MinimumVisualStudioVersion = 10.0.40219.1
Project("{FAE04EC0-301F-11D3-BF4B-00C04F79EFBC}") = "APOTIK", "APOTIK\APOTIK.csproj", "{20D8AB0E-839A-4C10-8F10-48FB86D1AEB7}"
EndProject
Global
	GlobalSection(SolutionConfigurationPlatforms) = preSolution
		Debug|Any CPU = Debug|Any CPU
		Release|Any CPU = Release|Any CPU
	EndGlobalSection
	GlobalSection(ProjectConfigurationPlatforms) = postSolution
		{20D8AB0E-839A-4C10-8F10-48FB86D1AEB7}.Debug|Any CPU.ActiveCfg = Debug|Any CPU
		{20D8AB0E-839A-4C10-8F10-48FB86D1AEB7}.Debug|Any CPU.Build.0 = Debug|Any CPU
		{20D8AB0E-839A-4C10-8F10-48FB86D1AEB7}.Release|Any CPU.ActiveCfg = Release|Any CPU
		{20D8AB0E-839A-4C10-8F10-48FB86D1AEB7}.Release|Any CPU.Build.0 = Release|Any CPU
	EndGlobalSection
	GlobalSection(SolutionProperties) = preSolution
		HideSolutionNode = FALSE
	EndGlobalSection
	GlobalSection(ExtensibilityGlobals) = postSolution
		SolutionGuid = {0371424D-4308-4018-BD2F-7E18B94C88DC}
	EndGlobalSection
EndGlobal
